
Microsoft Visual Studio Solution File, Format Version 12.00
# Visual Studio Version 17
VisualStudioVersion = 17.5.33502.453
MinimumVisualStudioVersion = 10.0.40219.1
Project("{FAE04EC0-301F-11D3-BF4B-00C04F79EFBC}") = "Task_2", "Task_2\Task_2.csproj", "{361D68B1-4D01-4537-8BBE-4BEFBC5E093C}"
EndProject
Project("{FAE04EC0-301F-11D3-BF4B-00C04F79EFBC}") = "Task_3", "Task_3\Task_3.csproj", "{9C9C05CD-C1C1-41CB-B746-37CB0606C4F2}"
EndProject
Project("{FAE04EC0-301F-11D3-BF4B-00C04F79EFBC}") = "Task_5", "Task_5\Task_5.csproj", "{59537BD6-18E7-4CE7-A76C-DF41BD4F0AF0}"
EndProject
Global
	GlobalSection(SolutionConfigurationPlatforms) = preSolution
		Debug|Any CPU = Debug|Any CPU
		Release|Any CPU = Release|Any CPU
	EndGlobalSection
	GlobalSection(ProjectConfigurationPlatforms) = postSolution
		{361D68B1-4D01-4537-8BBE-4BEFBC5E093C}.Debug|Any CPU.ActiveCfg = Debug|Any CPU
		{361D68B1-4D01-4537-8BBE-4BEFBC5E093C}.Debug|Any CPU.Build.0 = Debug|Any CPU
		{361D68B1-4D01-4537-8BBE-4BEFBC5E093C}.Release|Any CPU.ActiveCfg = Release|Any CPU
		{361D68B1-4D01-4537-8BBE-4BEFBC5E093C}.Release|Any CPU.Build.0 = Release|Any CPU
		{9C9C05CD-C1C1-41CB-B746-37CB0606C4F2}.Debug|Any CPU.ActiveCfg = Debug|Any CPU
		{9C9C05CD-C1C1-41CB-B746-37CB0606C4F2}.Debug|Any CPU.Build.0 = Debug|Any CPU
		{9C9C05CD-C1C1-41CB-B746-37CB0606C4F2}.Release|Any CPU.ActiveCfg = Release|Any CPU
		{9C9C05CD-C1C1-41CB-B746-37CB0606C4F2}.Release|Any CPU.Build.0 = Release|Any CPU
		{59537BD6-18E7-4CE7-A76C-DF41BD4F0AF0}.Debug|Any CPU.ActiveCfg = Debug|Any CPU
		{59537BD6-18E7-4CE7-A76C-DF41BD4F0AF0}.Debug|Any CPU.Build.0 = Debug|Any CPU
		{59537BD6-18E7-4CE7-A76C-DF41BD4F0AF0}.Release|Any CPU.ActiveCfg = Release|Any CPU
		{59537BD6-18E7-4CE7-A76C-DF41BD4F0AF0}.Release|Any CPU.Build.0 = Release|Any CPU
	EndGlobalSection
	GlobalSection(SolutionProperties) = preSolution
		HideSolutionNode = FALSE
	EndGlobalSection
	GlobalSection(ExtensibilityGlobals) = postSolution
		SolutionGuid = {A8E9740F-90ED-461A-82B2-EEACCEA21789}
	EndGlobalSection
EndGlobal
